
Microsoft Visual Studio Solution File, Format Version 12.00
# Visual Studio Version 17
VisualStudioVersion = 17.8.34309.116
MinimumVisualStudioVersion = 10.0.40219.1
Project("{9A19103F-16F7-4668-BE54-9A1E7A4F7556}") = "LeetCodeTest", "LeetCodeTest\LeetCodeTest.csproj", "{C94BDFD6-4A80-4B75-B677-6622A4AB1766}"
EndProject
Project("{9A19103F-16F7-4668-BE54-9A1E7A4F7556}") = "LeetCodeConsole", "LeetCodeConsole\LeetCodeConsole.csproj", "{DC57DAC6-3FA6-4123-B82C-980697DD5449}"
EndProject
Project("{FAE04EC0-301F-11D3-BF4B-00C04F79EFBC}") = "ConsoleApp1", "ConsoleApp1\ConsoleApp1.csproj", "{7481CC3F-C290-469C-8137-3B7F9DAB92FE}"
EndProject
Project("{FAE04EC0-301F-11D3-BF4B-00C04F79EFBC}") = "Palindrome Number", "Palindrome Number\Palindrome Number.csproj", "{346AD46A-C5E1-4D18-B750-6FDDB34EB143}"
EndProject
Project("{FAE04EC0-301F-11D3-BF4B-00C04F79EFBC}") = "Roman to Integer", "Roman to Integer\Roman to Integer.csproj", "{25C67ED1-D7B5-4B88-97E1-A17F0C9D440F}"
EndProject
Project("{FAE04EC0-301F-11D3-BF4B-00C04F79EFBC}") = "LinkedListTest", "LinkedListTest\LinkedListTest.csproj", "{3F64345F-E1B2-4075-8EAE-F4E85B55DF17}"
EndProject
Project("{FAE04EC0-301F-11D3-BF4B-00C04F79EFBC}") = "Reverse String", "Reverse String\Reverse String.csproj", "{F3902525-1347-4272-B3D7-80A0F88CCC9C}"
EndProject
Project("{FAE04EC0-301F-11D3-BF4B-00C04F79EFBC}") = "Merge Two Sorted Lists", "Merge Two Sorted Lists\Merge Two Sorted Lists.csproj", "{794BD913-72F3-4E62-95D8-2049211E8077}"
EndProject
Project("{FAE04EC0-301F-11D3-BF4B-00C04F79EFBC}") = "Longest Common Prefix", "Longest Common Prefix\Longest Common Prefix.csproj", "{C01B444F-0ED1-423B-8DDF-2A875F6D06FD}"
EndProject
Project("{FAE04EC0-301F-11D3-BF4B-00C04F79EFBC}") = "Valid Parentheses", "Valid Parentheses\Valid Parentheses.csproj", "{10FCA3E3-C49B-415D-A84E-348844D3E613}"
EndProject
Project("{FAE04EC0-301F-11D3-BF4B-00C04F79EFBC}") = "Remove Duplicates from Sorted Array", "Remove Duplicates from Sorted Array\Remove Duplicates from Sorted Array.csproj", "{6D1110B7-B74F-4FC8-9D5B-0CA887968495}"
EndProject
Project("{FAE04EC0-301F-11D3-BF4B-00C04F79EFBC}") = "Remove Element", "Remove Element\Remove Element.csproj", "{86CC7455-0F5A-4F2C-A268-23A08BAB1FF4}"
EndProject
Project("{FAE04EC0-301F-11D3-BF4B-00C04F79EFBC}") = "Find the Index of the First Occurrence in a String", "Find the Index of the First Occurrence in a String\Find the Index of the First Occurrence in a String.csproj", "{64DF60BA-1271-45B5-909D-B0D8C6242161}"
EndProject
Global
	GlobalSection(SolutionConfigurationPlatforms) = preSolution
		Debug|Any CPU = Debug|Any CPU
		Release|Any CPU = Release|Any CPU
	EndGlobalSection
	GlobalSection(ProjectConfigurationPlatforms) = postSolution
		{C94BDFD6-4A80-4B75-B677-6622A4AB1766}.Debug|Any CPU.ActiveCfg = Debug|Any CPU
		{C94BDFD6-4A80-4B75-B677-6622A4AB1766}.Debug|Any CPU.Build.0 = Debug|Any CPU
		{C94BDFD6-4A80-4B75-B677-6622A4AB1766}.Release|Any CPU.ActiveCfg = Release|Any CPU
		{C94BDFD6-4A80-4B75-B677-6622A4AB1766}.Release|Any CPU.Build.0 = Release|Any CPU
		{DC57DAC6-3FA6-4123-B82C-980697DD5449}.Debug|Any CPU.ActiveCfg = Debug|Any CPU
		{DC57DAC6-3FA6-4123-B82C-980697DD5449}.Debug|Any CPU.Build.0 = Debug|Any CPU
		{DC57DAC6-3FA6-4123-B82C-980697DD5449}.Release|Any CPU.ActiveCfg = Release|Any CPU
		{DC57DAC6-3FA6-4123-B82C-980697DD5449}.Release|Any CPU.Build.0 = Release|Any CPU
		{7481CC3F-C290-469C-8137-3B7F9DAB92FE}.Debug|Any CPU.ActiveCfg = Debug|Any CPU
		{7481CC3F-C290-469C-8137-3B7F9DAB92FE}.Debug|Any CPU.Build.0 = Debug|Any CPU
		{7481CC3F-C290-469C-8137-3B7F9DAB92FE}.Release|Any CPU.ActiveCfg = Release|Any CPU
		{7481CC3F-C290-469C-8137-3B7F9DAB92FE}.Release|Any CPU.Build.0 = Release|Any CPU
		{346AD46A-C5E1-4D18-B750-6FDDB34EB143}.Debug|Any CPU.ActiveCfg = Debug|Any CPU
		{346AD46A-C5E1-4D18-B750-6FDDB34EB143}.Debug|Any CPU.Build.0 = Debug|Any CPU
		{346AD46A-C5E1-4D18-B750-6FDDB34EB143}.Release|Any CPU.ActiveCfg = Release|Any CPU
		{346AD46A-C5E1-4D18-B750-6FDDB34EB143}.Release|Any CPU.Build.0 = Release|Any CPU
		{25C67ED1-D7B5-4B88-97E1-A17F0C9D440F}.Debug|Any CPU.ActiveCfg = Debug|Any CPU
		{25C67ED1-D7B5-4B88-97E1-A17F0C9D440F}.Debug|Any CPU.Build.0 = Debug|Any CPU
		{25C67ED1-D7B5-4B88-97E1-A17F0C9D440F}.Release|Any CPU.ActiveCfg = Release|Any CPU
		{25C67ED1-D7B5-4B88-97E1-A17F0C9D440F}.Release|Any CPU.Build.0 = Release|Any CPU
		{3F64345F-E1B2-4075-8EAE-F4E85B55DF17}.Debug|Any CPU.ActiveCfg = Debug|Any CPU
		{3F64345F-E1B2-4075-8EAE-F4E85B55DF17}.Debug|Any CPU.Build.0 = Debug|Any CPU
		{3F64345F-E1B2-4075-8EAE-F4E85B55DF17}.Release|Any CPU.ActiveCfg = Release|Any CPU
		{3F64345F-E1B2-4075-8EAE-F4E85B55DF17}.Release|Any CPU.Build.0 = Release|Any CPU
		{F3902525-1347-4272-B3D7-80A0F88CCC9C}.Debug|Any CPU.ActiveCfg = Debug|Any CPU
		{F3902525-1347-4272-B3D7-80A0F88CCC9C}.Debug|Any CPU.Build.0 = Debug|Any CPU
		{F3902525-1347-4272-B3D7-80A0F88CCC9C}.Release|Any CPU.ActiveCfg = Release|Any CPU
		{F3902525-1347-4272-B3D7-80A0F88CCC9C}.Release|Any CPU.Build.0 = Release|Any CPU
		{794BD913-72F3-4E62-95D8-2049211E8077}.Debug|Any CPU.ActiveCfg = Debug|Any CPU
		{794BD913-72F3-4E62-95D8-2049211E8077}.Debug|Any CPU.Build.0 = Debug|Any CPU
		{794BD913-72F3-4E62-95D8-2049211E8077}.Release|Any CPU.ActiveCfg = Release|Any CPU
		{794BD913-72F3-4E62-95D8-2049211E8077}.Release|Any CPU.Build.0 = Release|Any CPU
		{C01B444F-0ED1-423B-8DDF-2A875F6D06FD}.Debug|Any CPU.ActiveCfg = Debug|Any CPU
		{C01B444F-0ED1-423B-8DDF-2A875F6D06FD}.Debug|Any CPU.Build.0 = Debug|Any CPU
		{C01B444F-0ED1-423B-8DDF-2A875F6D06FD}.Release|Any CPU.ActiveCfg = Release|Any CPU
		{C01B444F-0ED1-423B-8DDF-2A875F6D06FD}.Release|Any CPU.Build.0 = Release|Any CPU
		{10FCA3E3-C49B-415D-A84E-348844D3E613}.Debug|Any CPU.ActiveCfg = Debug|Any CPU
		{10FCA3E3-C49B-415D-A84E-348844D3E613}.Debug|Any CPU.Build.0 = Debug|Any CPU
		{10FCA3E3-C49B-415D-A84E-348844D3E613}.Release|Any CPU.ActiveCfg = Release|Any CPU
		{10FCA3E3-C49B-415D-A84E-348844D3E613}.Release|Any CPU.Build.0 = Release|Any CPU
		{6D1110B7-B74F-4FC8-9D5B-0CA887968495}.Debug|Any CPU.ActiveCfg = Debug|Any CPU
		{6D1110B7-B74F-4FC8-9D5B-0CA887968495}.Debug|Any CPU.Build.0 = Debug|Any CPU
		{6D1110B7-B74F-4FC8-9D5B-0CA887968495}.Release|Any CPU.ActiveCfg = Release|Any CPU
		{6D1110B7-B74F-4FC8-9D5B-0CA887968495}.Release|Any CPU.Build.0 = Release|Any CPU
		{86CC7455-0F5A-4F2C-A268-23A08BAB1FF4}.Debug|Any CPU.ActiveCfg = Debug|Any CPU
		{86CC7455-0F5A-4F2C-A268-23A08BAB1FF4}.Debug|Any CPU.Build.0 = Debug|Any CPU
		{86CC7455-0F5A-4F2C-A268-23A08BAB1FF4}.Release|Any CPU.ActiveCfg = Release|Any CPU
		{86CC7455-0F5A-4F2C-A268-23A08BAB1FF4}.Release|Any CPU.Build.0 = Release|Any CPU
		{64DF60BA-1271-45B5-909D-B0D8C6242161}.Debug|Any CPU.ActiveCfg = Debug|Any CPU
		{64DF60BA-1271-45B5-909D-B0D8C6242161}.Debug|Any CPU.Build.0 = Debug|Any CPU
		{64DF60BA-1271-45B5-909D-B0D8C6242161}.Release|Any CPU.ActiveCfg = Release|Any CPU
		{64DF60BA-1271-45B5-909D-B0D8C6242161}.Release|Any CPU.Build.0 = Release|Any CPU
	EndGlobalSection
	GlobalSection(SolutionProperties) = preSolution
		HideSolutionNode = FALSE
	EndGlobalSection
	GlobalSection(ExtensibilityGlobals) = postSolution
		SolutionGuid = {39F215F4-36CC-4025-A9A0-B5944D1341B8}
	EndGlobalSection
EndGlobal
