
Microsoft Visual Studio Solution File, Format Version 12.00
# Visual Studio Version 17
VisualStudioVersion = 17.8.34309.116
MinimumVisualStudioVersion = 10.0.40219.1
Project("{9A19103F-16F7-4668-BE54-9A1E7A4F7556}") = "LeetCodeTest", "LeetCodeTest\LeetCodeTest.csproj", "{C94BDFD6-4A80-4B75-B677-6622A4AB1766}"
EndProject
Project("{9A19103F-16F7-4668-BE54-9A1E7A4F7556}") = "LeetCodeConsole", "LeetCodeConsole\LeetCodeConsole.csproj", "{DC57DAC6-3FA6-4123-B82C-980697DD5449}"
EndProject
Project("{FAE04EC0-301F-11D3-BF4B-00C04F79EFBC}") = "ConsoleApp1", "ConsoleApp1\ConsoleApp1.csproj", "{7481CC3F-C290-469C-8137-3B7F9DAB92FE}"
EndProject
Project("{FAE04EC0-301F-11D3-BF4B-00C04F79EFBC}") = "Palindrome Number", "Palindrome Number\Palindrome Number.csproj", "{346AD46A-C5E1-4D18-B750-6FDDB34EB143}"
EndProject
Project("{FAE04EC0-301F-11D3-BF4B-00C04F79EFBC}") = "Roman to Integer", "Roman to Integer\Roman to Integer.csproj", "{25C67ED1-D7B5-4B88-97E1-A17F0C9D440F}"
EndProject
Project("{FAE04EC0-301F-11D3-BF4B-00C04F79EFBC}") = "LinkedListTest", "LinkedListTest\LinkedListTest.csproj", "{3F64345F-E1B2-4075-8EAE-F4E85B55DF17}"
EndProject
Global
	GlobalSection(SolutionConfigurationPlatforms) = preSolution
		Debug|Any CPU = Debug|Any CPU
		Release|Any CPU = Release|Any CPU
	EndGlobalSection
	GlobalSection(ProjectConfigurationPlatforms) = postSolution
		{C94BDFD6-4A80-4B75-B677-6622A4AB1766}.Debug|Any CPU.ActiveCfg = Debug|Any CPU
		{C94BDFD6-4A80-4B75-B677-6622A4AB1766}.Debug|Any CPU.Build.0 = Debug|Any CPU
		{C94BDFD6-4A80-4B75-B677-6622A4AB1766}.Release|Any CPU.ActiveCfg = Release|Any CPU
		{C94BDFD6-4A80-4B75-B677-6622A4AB1766}.Release|Any CPU.Build.0 = Release|Any CPU
		{DC57DAC6-3FA6-4123-B82C-980697DD5449}.Debug|Any CPU.ActiveCfg = Debug|Any CPU
		{DC57DAC6-3FA6-4123-B82C-980697DD5449}.Debug|Any CPU.Build.0 = Debug|Any CPU
		{DC57DAC6-3FA6-4123-B82C-980697DD5449}.Release|Any CPU.ActiveCfg = Release|Any CPU
		{DC57DAC6-3FA6-4123-B82C-980697DD5449}.Release|Any CPU.Build.0 = Release|Any CPU
		{7481CC3F-C290-469C-8137-3B7F9DAB92FE}.Debug|Any CPU.ActiveCfg = Debug|Any CPU
		{7481CC3F-C290-469C-8137-3B7F9DAB92FE}.Debug|Any CPU.Build.0 = Debug|Any CPU
		{7481CC3F-C290-469C-8137-3B7F9DAB92FE}.Release|Any CPU.ActiveCfg = Release|Any CPU
		{7481CC3F-C290-469C-8137-3B7F9DAB92FE}.Release|Any CPU.Build.0 = Release|Any CPU
		{346AD46A-C5E1-4D18-B750-6FDDB34EB143}.Debug|Any CPU.ActiveCfg = Debug|Any CPU
		{346AD46A-C5E1-4D18-B750-6FDDB34EB143}.Debug|Any CPU.Build.0 = Debug|Any CPU
		{346AD46A-C5E1-4D18-B750-6FDDB34EB143}.Release|Any CPU.ActiveCfg = Release|Any CPU
		{346AD46A-C5E1-4D18-B750-6FDDB34EB143}.Release|Any CPU.Build.0 = Release|Any CPU
		{25C67ED1-D7B5-4B88-97E1-A17F0C9D440F}.Debug|Any CPU.ActiveCfg = Debug|Any CPU
		{25C67ED1-D7B5-4B88-97E1-A17F0C9D440F}.Debug|Any CPU.Build.0 = Debug|Any CPU
		{25C67ED1-D7B5-4B88-97E1-A17F0C9D440F}.Release|Any CPU.ActiveCfg = Release|Any CPU
		{25C67ED1-D7B5-4B88-97E1-A17F0C9D440F}.Release|Any CPU.Build.0 = Release|Any CPU
		{3F64345F-E1B2-4075-8EAE-F4E85B55DF17}.Debug|Any CPU.ActiveCfg = Debug|Any CPU
		{3F64345F-E1B2-4075-8EAE-F4E85B55DF17}.Debug|Any CPU.Build.0 = Debug|Any CPU
		{3F64345F-E1B2-4075-8EAE-F4E85B55DF17}.Release|Any CPU.ActiveCfg = Release|Any CPU
		{3F64345F-E1B2-4075-8EAE-F4E85B55DF17}.Release|Any CPU.Build.0 = Release|Any CPU
	EndGlobalSection
	GlobalSection(SolutionProperties) = preSolution
		HideSolutionNode = FALSE
	EndGlobalSection
	GlobalSection(ExtensibilityGlobals) = postSolution
		SolutionGuid = {39F215F4-36CC-4025-A9A0-B5944D1341B8}
	EndGlobalSection
EndGlobal
